
Microsoft Visual Studio Solution File, Format Version 12.00
# Visual Studio Version 17
VisualStudioVersion = 17.5.33516.290
MinimumVisualStudioVersion = 10.0.40219.1
Project("{FAE04EC0-301F-11D3-BF4B-00C04F79EFBC}") = "WebApplication1", "WebApplication1\WebApplication1.csproj", "{28520B02-A6DF-4771-AE9C-457A0437E5AE}"
EndProject
Global
	GlobalSection(SolutionConfigurationPlatforms) = preSolution
		Debug|Any CPU = Debug|Any CPU
		Release|Any CPU = Release|Any CPU
	EndGlobalSection
	GlobalSection(ProjectConfigurationPlatforms) = postSolution
		{28520B02-A6DF-4771-AE9C-457A0437E5AE}.Debug|Any CPU.ActiveCfg = Debug|Any CPU
		{28520B02-A6DF-4771-AE9C-457A0437E5AE}.Debug|Any CPU.Build.0 = Debug|Any CPU
		{28520B02-A6DF-4771-AE9C-457A0437E5AE}.Release|Any CPU.ActiveCfg = Release|Any CPU
		{28520B02-A6DF-4771-AE9C-457A0437E5AE}.Release|Any CPU.Build.0 = Release|Any CPU
	EndGlobalSection
	GlobalSection(SolutionProperties) = preSolution
		HideSolutionNode = FALSE
	EndGlobalSection
	GlobalSection(ExtensibilityGlobals) = postSolution
		SolutionGuid = {0BF27872-A85B-4914-962C-7D044CFC4A7F}
	EndGlobalSection
EndGlobal
